{
  "object": {
    "pins": [
      {
        "package": "Kingfisher",
        "repositoryURL": "https://github.com/onevcat/Kingfisher.git",
        "state": {
          "branch": null,
          "revision": "32e4acdf6971f58f5ad552389cf2d7d016334eaf",
          "version": "7.2.0"
        }
      },
      {
        "package": "ServicesLibrary",
        "repositoryURL": "https://github.com/joseidev/servicesLibrary",
        "state": {
          "branch": "main",
          "revision": "1f4d9cb3c8d2e550c739aa0dc9eb1061b82b90bd",
          "version": null
        }
      },
      {
        "package": "SnapshotTesting",
        "repositoryURL": "https://github.com/pointfreeco/swift-snapshot-testing",
        "state": {
          "branch": null,
          "revision": "f8a9c997c3c1dab4e216a8ec9014e23144cbab37",
          "version": "1.9.0"
        }
      }
    ]
  },
  "version": 1
}
