// !$*UTF8*$!
{
	archiveVersion = 1;
	classes = {
	};
	objectVersion = 55;
	objects = {

/* Begin PBXBuildFile section */
		451E9F1727D51914006B4581 /* InteligenzDomain in Frameworks */ = {isa = PBXBuildFile; productRef = 451E9F1627D51914006B4581 /* InteligenzDomain */; };
		451E9F2A27D601D0006B4581 /* SnapshotTesting in Frameworks */ = {isa = PBXBuildFile; productRef = 451E9F2927D601D0006B4581 /* SnapshotTesting */; };
		451E9F2D27D60223006B4581 /* UITests.swift in Sources */ = {isa = PBXBuildFile; fileRef = 451E9F2C27D60223006B4581 /* UITests.swift */; };
		45DB903927D3CE9D004B5A3A /* Appview.swift in Sources */ = {isa = PBXBuildFile; fileRef = 45DB903827D3CE9D004B5A3A /* Appview.swift */; };
		45DB903B27D3CE9D004B5A3A /* MainView.swift in Sources */ = {isa = PBXBuildFile; fileRef = 45DB903A27D3CE9D004B5A3A /* MainView.swift */; };
		45DB903D27D3CEA0004B5A3A /* Assets.xcassets in Resources */ = {isa = PBXBuildFile; fileRef = 45DB903C27D3CEA0004B5A3A /* Assets.xcassets */; };
		45DB904027D3CEA0004B5A3A /* Preview Assets.xcassets in Resources */ = {isa = PBXBuildFile; fileRef = 45DB903F27D3CEA0004B5A3A /* Preview Assets.xcassets */; };
		45DB904927D3D25A004B5A3A /* ArticleEntity.swift in Sources */ = {isa = PBXBuildFile; fileRef = 45DB904827D3D25A004B5A3A /* ArticleEntity.swift */; };
		45DB904C27D3D364004B5A3A /* Kingfisher in Frameworks */ = {isa = PBXBuildFile; productRef = 45DB904B27D3D364004B5A3A /* Kingfisher */; };
		45DB904F27D3D375004B5A3A /* ServicesLibrary in Frameworks */ = {isa = PBXBuildFile; productRef = 45DB904E27D3D375004B5A3A /* ServicesLibrary */; };
		45DB905227D3D66C004B5A3A /* DetailView.swift in Sources */ = {isa = PBXBuildFile; fileRef = 45DB905127D3D66C004B5A3A /* DetailView.swift */; };
		45DB905927D3E18F004B5A3A /* InteligenzServices in Frameworks */ = {isa = PBXBuildFile; productRef = 45DB905827D3E18F004B5A3A /* InteligenzServices */; };
		45DB906227D3E6F2004B5A3A /* DependencyResolver.swift in Sources */ = {isa = PBXBuildFile; fileRef = 45DB906127D3E6F2004B5A3A /* DependencyResolver.swift */; };
		45DB906427D3E723004B5A3A /* AppViewModel.swift in Sources */ = {isa = PBXBuildFile; fileRef = 45DB906327D3E723004B5A3A /* AppViewModel.swift */; };
		45DB906627D3E791004B5A3A /* MainViewModel.swift in Sources */ = {isa = PBXBuildFile; fileRef = 45DB906527D3E791004B5A3A /* MainViewModel.swift */; };
		45DB906927D3E7CA004B5A3A /* FetchNewsUseCase.swift in Sources */ = {isa = PBXBuildFile; fileRef = 45DB906827D3E7CA004B5A3A /* FetchNewsUseCase.swift */; };
		45DB906C27D40123004B5A3A /* ListView.swift in Sources */ = {isa = PBXBuildFile; fileRef = 45DB906B27D40123004B5A3A /* ListView.swift */; };
		45DB907427D50C86004B5A3A /* FetchNewsUseCaseTests.swift in Sources */ = {isa = PBXBuildFile; fileRef = 45DB907327D50C86004B5A3A /* FetchNewsUseCaseTests.swift */; };
		45DB907C27D50CDC004B5A3A /* MockNewsAPIRepository.swift in Sources */ = {isa = PBXBuildFile; fileRef = 45DB907B27D50CDC004B5A3A /* MockNewsAPIRepository.swift */; };
		45DB907E27D50DEF004B5A3A /* MockRepositoriesProvider.swift in Sources */ = {isa = PBXBuildFile; fileRef = 45DB907D27D50DEF004B5A3A /* MockRepositoriesProvider.swift */; };
		45DB908027D50E6A004B5A3A /* MockFetchNewsUseCase.swift in Sources */ = {isa = PBXBuildFile; fileRef = 45DB907F27D50E6A004B5A3A /* MockFetchNewsUseCase.swift */; };
		45DB908227D51111004B5A3A /* MainViewModelTests.swift in Sources */ = {isa = PBXBuildFile; fileRef = 45DB908127D51111004B5A3A /* MainViewModelTests.swift */; };
/* End PBXBuildFile section */

/* Begin PBXContainerItemProxy section */
		45DB907527D50C86004B5A3A /* PBXContainerItemProxy */ = {
			isa = PBXContainerItemProxy;
			containerPortal = 45DB902D27D3CE9C004B5A3A /* Project object */;
			proxyType = 1;
			remoteGlobalIDString = 45DB903427D3CE9C004B5A3A;
			remoteInfo = TestProjectInteligenz;
		};
/* End PBXContainerItemProxy section */

/* Begin PBXFileReference section */
		450BF0AD27D51890004FD533 /* InteligenzDomain */ = {isa = PBXFileReference; lastKnownFileType = wrapper; path = InteligenzDomain; sourceTree = "<group>"; };
		451E9F2C27D60223006B4581 /* UITests.swift */ = {isa = PBXFileReference; lastKnownFileType = sourcecode.swift; path = UITests.swift; sourceTree = "<group>"; };
		45DB903527D3CE9C004B5A3A /* TestProjectInteligenz.app */ = {isa = PBXFileReference; explicitFileType = wrapper.application; includeInIndex = 0; path = TestProjectInteligenz.app; sourceTree = BUILT_PRODUCTS_DIR; };
		45DB903827D3CE9D004B5A3A /* Appview.swift */ = {isa = PBXFileReference; lastKnownFileType = sourcecode.swift; path = Appview.swift; sourceTree = "<group>"; };
		45DB903A27D3CE9D004B5A3A /* MainView.swift */ = {isa = PBXFileReference; lastKnownFileType = sourcecode.swift; path = MainView.swift; sourceTree = "<group>"; };
		45DB903C27D3CEA0004B5A3A /* Assets.xcassets */ = {isa = PBXFileReference; lastKnownFileType = folder.assetcatalog; path = Assets.xcassets; sourceTree = "<group>"; };
		45DB903F27D3CEA0004B5A3A /* Preview Assets.xcassets */ = {isa = PBXFileReference; lastKnownFileType = folder.assetcatalog; path = "Preview Assets.xcassets"; sourceTree = "<group>"; };
		45DB904827D3D25A004B5A3A /* ArticleEntity.swift */ = {isa = PBXFileReference; lastKnownFileType = sourcecode.swift; path = ArticleEntity.swift; sourceTree = "<group>"; };
		45DB905127D3D66C004B5A3A /* DetailView.swift */ = {isa = PBXFileReference; lastKnownFileType = sourcecode.swift; path = DetailView.swift; sourceTree = "<group>"; };
		45DB905D27D3E380004B5A3A /* InteligenzServices */ = {isa = PBXFileReference; lastKnownFileType = wrapper; path = InteligenzServices; sourceTree = "<group>"; };
		45DB906127D3E6F2004B5A3A /* DependencyResolver.swift */ = {isa = PBXFileReference; lastKnownFileType = sourcecode.swift; path = DependencyResolver.swift; sourceTree = "<group>"; };
		45DB906327D3E723004B5A3A /* AppViewModel.swift */ = {isa = PBXFileReference; lastKnownFileType = sourcecode.swift; path = AppViewModel.swift; sourceTree = "<group>"; };
		45DB906527D3E791004B5A3A /* MainViewModel.swift */ = {isa = PBXFileReference; lastKnownFileType = sourcecode.swift; path = MainViewModel.swift; sourceTree = "<group>"; };
		45DB906827D3E7CA004B5A3A /* FetchNewsUseCase.swift */ = {isa = PBXFileReference; lastKnownFileType = sourcecode.swift; path = FetchNewsUseCase.swift; sourceTree = "<group>"; };
		45DB906B27D40123004B5A3A /* ListView.swift */ = {isa = PBXFileReference; lastKnownFileType = sourcecode.swift; path = ListView.swift; sourceTree = "<group>"; };
		45DB907127D50C86004B5A3A /* TestProjectInteligenzTests.xctest */ = {isa = PBXFileReference; explicitFileType = wrapper.cfbundle; includeInIndex = 0; path = TestProjectInteligenzTests.xctest; sourceTree = BUILT_PRODUCTS_DIR; };
		45DB907327D50C86004B5A3A /* FetchNewsUseCaseTests.swift */ = {isa = PBXFileReference; lastKnownFileType = sourcecode.swift; path = FetchNewsUseCaseTests.swift; sourceTree = "<group>"; };
		45DB907B27D50CDC004B5A3A /* MockNewsAPIRepository.swift */ = {isa = PBXFileReference; lastKnownFileType = sourcecode.swift; path = MockNewsAPIRepository.swift; sourceTree = "<group>"; };
		45DB907D27D50DEF004B5A3A /* MockRepositoriesProvider.swift */ = {isa = PBXFileReference; lastKnownFileType = sourcecode.swift; path = MockRepositoriesProvider.swift; sourceTree = "<group>"; };
		45DB907F27D50E6A004B5A3A /* MockFetchNewsUseCase.swift */ = {isa = PBXFileReference; lastKnownFileType = sourcecode.swift; path = MockFetchNewsUseCase.swift; sourceTree = "<group>"; };
		45DB908127D51111004B5A3A /* MainViewModelTests.swift */ = {isa = PBXFileReference; lastKnownFileType = sourcecode.swift; path = MainViewModelTests.swift; sourceTree = "<group>"; };
/* End PBXFileReference section */

/* Begin PBXFrameworksBuildPhase section */
		45DB903227D3CE9C004B5A3A /* Frameworks */ = {
			isa = PBXFrameworksBuildPhase;
			buildActionMask = 2147483647;
			files = (
				45DB904F27D3D375004B5A3A /* ServicesLibrary in Frameworks */,
				451E9F1727D51914006B4581 /* InteligenzDomain in Frameworks */,
				45DB904C27D3D364004B5A3A /* Kingfisher in Frameworks */,
				45DB905927D3E18F004B5A3A /* InteligenzServices in Frameworks */,
			);
			runOnlyForDeploymentPostprocessing = 0;
		};
		45DB906E27D50C86004B5A3A /* Frameworks */ = {
			isa = PBXFrameworksBuildPhase;
			buildActionMask = 2147483647;
			files = (
				451E9F2A27D601D0006B4581 /* SnapshotTesting in Frameworks */,
			);
			runOnlyForDeploymentPostprocessing = 0;
		};
/* End PBXFrameworksBuildPhase section */

/* Begin PBXGroup section */
		451E9F2B27D6020B006B4581 /* UITests */ = {
			isa = PBXGroup;
			children = (
				451E9F2C27D60223006B4581 /* UITests.swift */,
			);
			path = UITests;
			sourceTree = "<group>";
		};
		45DB902C27D3CE9C004B5A3A = {
			isa = PBXGroup;
			children = (
				45DB905A27D3E284004B5A3A /* Packages */,
				45DB903727D3CE9D004B5A3A /* TestProjectInteligenz */,
				45DB907227D50C86004B5A3A /* TestProjectInteligenzTests */,
				45DB903627D3CE9C004B5A3A /* Products */,
				45DB905527D3E18A004B5A3A /* Frameworks */,
			);
			sourceTree = "<group>";
		};
		45DB903627D3CE9C004B5A3A /* Products */ = {
			isa = PBXGroup;
			children = (
				45DB903527D3CE9C004B5A3A /* TestProjectInteligenz.app */,
				45DB907127D50C86004B5A3A /* TestProjectInteligenzTests.xctest */,
			);
			name = Products;
			sourceTree = "<group>";
		};
		45DB903727D3CE9D004B5A3A /* TestProjectInteligenz */ = {
			isa = PBXGroup;
			children = (
				45DB906027D3E6DA004B5A3A /* Commons */,
				45DB904627D3D23D004B5A3A /* Scenes */,
				45DB903C27D3CEA0004B5A3A /* Assets.xcassets */,
				45DB903E27D3CEA0004B5A3A /* Preview Content */,
			);
			path = TestProjectInteligenz;
			sourceTree = "<group>";
		};
		45DB903E27D3CEA0004B5A3A /* Preview Content */ = {
			isa = PBXGroup;
			children = (
				45DB903F27D3CEA0004B5A3A /* Preview Assets.xcassets */,
			);
			path = "Preview Content";
			sourceTree = "<group>";
		};
		45DB904627D3D23D004B5A3A /* Scenes */ = {
			isa = PBXGroup;
			children = (
				45DB905F27D3E6D1004B5A3A /* App */,
				45DB905027D3D658004B5A3A /* DetailView */,
				45DB904727D3D245004B5A3A /* ListView */,
			);
			path = Scenes;
			sourceTree = "<group>";
		};
		45DB904727D3D245004B5A3A /* ListView */ = {
			isa = PBXGroup;
			children = (
				45DB906A27D40117004B5A3A /* Views */,
				45DB906727D3E7BB004B5A3A /* UseCases */,
				45DB903A27D3CE9D004B5A3A /* MainView.swift */,
				45DB906527D3E791004B5A3A /* MainViewModel.swift */,
				45DB904827D3D25A004B5A3A /* ArticleEntity.swift */,
			);
			path = ListView;
			sourceTree = "<group>";
		};
		45DB905027D3D658004B5A3A /* DetailView */ = {
			isa = PBXGroup;
			children = (
				45DB905127D3D66C004B5A3A /* DetailView.swift */,
			);
			path = DetailView;
			sourceTree = "<group>";
		};
		45DB905527D3E18A004B5A3A /* Frameworks */ = {
			isa = PBXGroup;
			children = (
			);
			name = Frameworks;
			sourceTree = "<group>";
		};
		45DB905A27D3E284004B5A3A /* Packages */ = {
			isa = PBXGroup;
			children = (
				45DB905D27D3E380004B5A3A /* InteligenzServices */,
				450BF0AD27D51890004FD533 /* InteligenzDomain */,
			);
			name = Packages;
			sourceTree = "<group>";
		};
		45DB905F27D3E6D1004B5A3A /* App */ = {
			isa = PBXGroup;
			children = (
				45DB903827D3CE9D004B5A3A /* Appview.swift */,
				45DB906327D3E723004B5A3A /* AppViewModel.swift */,
			);
			path = App;
			sourceTree = "<group>";
		};
		45DB906027D3E6DA004B5A3A /* Commons */ = {
			isa = PBXGroup;
			children = (
				45DB906127D3E6F2004B5A3A /* DependencyResolver.swift */,
			);
			path = Commons;
			sourceTree = "<group>";
		};
		45DB906727D3E7BB004B5A3A /* UseCases */ = {
			isa = PBXGroup;
			children = (
				45DB906827D3E7CA004B5A3A /* FetchNewsUseCase.swift */,
			);
			path = UseCases;
			sourceTree = "<group>";
		};
		45DB906A27D40117004B5A3A /* Views */ = {
			isa = PBXGroup;
			children = (
				45DB906B27D40123004B5A3A /* ListView.swift */,
			);
			path = Views;
			sourceTree = "<group>";
		};
		45DB907227D50C86004B5A3A /* TestProjectInteligenzTests */ = {
			isa = PBXGroup;
			children = (
				451E9F2B27D6020B006B4581 /* UITests */,
				45DB907A27D50C92004B5A3A /* Mocks */,
				45DB907327D50C86004B5A3A /* FetchNewsUseCaseTests.swift */,
				45DB908127D51111004B5A3A /* MainViewModelTests.swift */,
			);
			path = TestProjectInteligenzTests;
			sourceTree = "<group>";
		};
		45DB907A27D50C92004B5A3A /* Mocks */ = {
			isa = PBXGroup;
			children = (
				45DB907B27D50CDC004B5A3A /* MockNewsAPIRepository.swift */,
				45DB907F27D50E6A004B5A3A /* MockFetchNewsUseCase.swift */,
				45DB907D27D50DEF004B5A3A /* MockRepositoriesProvider.swift */,
			);
			path = Mocks;
			sourceTree = "<group>";
		};
/* End PBXGroup section */

/* Begin PBXNativeTarget section */
		45DB903427D3CE9C004B5A3A /* TestProjectInteligenz */ = {
			isa = PBXNativeTarget;
			buildConfigurationList = 45DB904327D3CEA0004B5A3A /* Build configuration list for PBXNativeTarget "TestProjectInteligenz" */;
			buildPhases = (
				45DB903127D3CE9C004B5A3A /* Sources */,
				45DB903227D3CE9C004B5A3A /* Frameworks */,
				45DB903327D3CE9C004B5A3A /* Resources */,
			);
			buildRules = (
			);
			dependencies = (
			);
			name = TestProjectInteligenz;
			packageProductDependencies = (
				45DB904B27D3D364004B5A3A /* Kingfisher */,
				45DB904E27D3D375004B5A3A /* ServicesLibrary */,
				45DB905827D3E18F004B5A3A /* InteligenzServices */,
				451E9F1627D51914006B4581 /* InteligenzDomain */,
			);
			productName = TestProjectInteligenz;
			productReference = 45DB903527D3CE9C004B5A3A /* TestProjectInteligenz.app */;
			productType = "com.apple.product-type.application";
		};
		45DB907027D50C86004B5A3A /* TestProjectInteligenzTests */ = {
			isa = PBXNativeTarget;
			buildConfigurationList = 45DB907727D50C86004B5A3A /* Build configuration list for PBXNativeTarget "TestProjectInteligenzTests" */;
			buildPhases = (
				45DB906D27D50C86004B5A3A /* Sources */,
				45DB906E27D50C86004B5A3A /* Frameworks */,
				45DB906F27D50C86004B5A3A /* Resources */,
			);
			buildRules = (
			);
			dependencies = (
				45DB907627D50C86004B5A3A /* PBXTargetDependency */,
			);
			name = TestProjectInteligenzTests;
			packageProductDependencies = (
				451E9F2927D601D0006B4581 /* SnapshotTesting */,
			);
			productName = TestProjectInteligenzTests;
			productReference = 45DB907127D50C86004B5A3A /* TestProjectInteligenzTests.xctest */;
			productType = "com.apple.product-type.bundle.unit-test";
		};
/* End PBXNativeTarget section */

/* Begin PBXProject section */
		45DB902D27D3CE9C004B5A3A /* Project object */ = {
			isa = PBXProject;
			attributes = {
				BuildIndependentTargetsInParallel = 1;
				LastSwiftUpdateCheck = 1320;
				LastUpgradeCheck = 1320;
				TargetAttributes = {
					45DB903427D3CE9C004B5A3A = {
						CreatedOnToolsVersion = 13.2.1;
					};
					45DB907027D50C86004B5A3A = {
						CreatedOnToolsVersion = 13.2.1;
						TestTargetID = 45DB903427D3CE9C004B5A3A;
					};
				};
			};
			buildConfigurationList = 45DB903027D3CE9C004B5A3A /* Build configuration list for PBXProject "TestProjectInteligenz" */;
			compatibilityVersion = "Xcode 13.0";
			developmentRegion = en;
			hasScannedForEncodings = 0;
			knownRegions = (
				en,
				Base,
			);
			mainGroup = 45DB902C27D3CE9C004B5A3A;
			packageReferences = (
				45DB904A27D3D364004B5A3A /* XCRemoteSwiftPackageReference "Kingfisher" */,
				45DB904D27D3D375004B5A3A /* XCRemoteSwiftPackageReference "servicesLibrary" */,
				451E9F2627D6017D006B4581 /* XCRemoteSwiftPackageReference "swift-snapshot-testing" */,
			);
			productRefGroup = 45DB903627D3CE9C004B5A3A /* Products */;
			projectDirPath = "";
			projectRoot = "";
			targets = (
				45DB903427D3CE9C004B5A3A /* TestProjectInteligenz */,
				45DB907027D50C86004B5A3A /* TestProjectInteligenzTests */,
			);
		};
/* End PBXProject section */

/* Begin PBXResourcesBuildPhase section */
		45DB903327D3CE9C004B5A3A /* Resources */ = {
			isa = PBXResourcesBuildPhase;
			buildActionMask = 2147483647;
			files = (
				45DB904027D3CEA0004B5A3A /* Preview Assets.xcassets in Resources */,
				45DB903D27D3CEA0004B5A3A /* Assets.xcassets in Resources */,
			);
			runOnlyForDeploymentPostprocessing = 0;
		};
		45DB906F27D50C86004B5A3A /* Resources */ = {
			isa = PBXResourcesBuildPhase;
			buildActionMask = 2147483647;
			files = (
			);
			runOnlyForDeploymentPostprocessing = 0;
		};
/* End PBXResourcesBuildPhase section */

/* Begin PBXSourcesBuildPhase section */
		45DB903127D3CE9C004B5A3A /* Sources */ = {
			isa = PBXSourcesBuildPhase;
			buildActionMask = 2147483647;
			files = (
				45DB906227D3E6F2004B5A3A /* DependencyResolver.swift in Sources */,
				45DB906927D3E7CA004B5A3A /* FetchNewsUseCase.swift in Sources */,
				45DB903B27D3CE9D004B5A3A /* MainView.swift in Sources */,
				45DB906627D3E791004B5A3A /* MainViewModel.swift in Sources */,
				45DB906427D3E723004B5A3A /* AppViewModel.swift in Sources */,
				45DB905227D3D66C004B5A3A /* DetailView.swift in Sources */,
				45DB903927D3CE9D004B5A3A /* Appview.swift in Sources */,
				45DB904927D3D25A004B5A3A /* ArticleEntity.swift in Sources */,
				45DB906C27D40123004B5A3A /* ListView.swift in Sources */,
			);
			runOnlyForDeploymentPostprocessing = 0;
		};
		45DB906D27D50C86004B5A3A /* Sources */ = {
			isa = PBXSourcesBuildPhase;
			buildActionMask = 2147483647;
			files = (
				45DB907427D50C86004B5A3A /* FetchNewsUseCaseTests.swift in Sources */,
				451E9F2D27D60223006B4581 /* UITests.swift in Sources */,
				45DB907C27D50CDC004B5A3A /* MockNewsAPIRepository.swift in Sources */,
				45DB907E27D50DEF004B5A3A /* MockRepositoriesProvider.swift in Sources */,
				45DB908027D50E6A004B5A3A /* MockFetchNewsUseCase.swift in Sources */,
				45DB908227D51111004B5A3A /* MainViewModelTests.swift in Sources */,
			);
			runOnlyForDeploymentPostprocessing = 0;
		};
/* End PBXSourcesBuildPhase section */

/* Begin PBXTargetDependency section */
		45DB907627D50C86004B5A3A /* PBXTargetDependency */ = {
			isa = PBXTargetDependency;
			target = 45DB903427D3CE9C004B5A3A /* TestProjectInteligenz */;
			targetProxy = 45DB907527D50C86004B5A3A /* PBXContainerItemProxy */;
		};
/* End PBXTargetDependency section */

/* Begin XCBuildConfiguration section */
		45DB904127D3CEA0004B5A3A /* Debug */ = {
			isa = XCBuildConfiguration;
			buildSettings = {
				ALWAYS_SEARCH_USER_PATHS = NO;
				CLANG_ANALYZER_NONNULL = YES;
				CLANG_ANALYZER_NUMBER_OBJECT_CONVERSION = YES_AGGRESSIVE;
				CLANG_CXX_LANGUAGE_STANDARD = "gnu++17";
				CLANG_CXX_LIBRARY = "libc++";
				CLANG_ENABLE_MODULES = YES;
				CLANG_ENABLE_OBJC_ARC = YES;
				CLANG_ENABLE_OBJC_WEAK = YES;
				CLANG_WARN_BLOCK_CAPTURE_AUTORELEASING = YES;
				CLANG_WARN_BOOL_CONVERSION = YES;
				CLANG_WARN_COMMA = YES;
				CLANG_WARN_CONSTANT_CONVERSION = YES;
				CLANG_WARN_DEPRECATED_OBJC_IMPLEMENTATIONS = YES;
				CLANG_WARN_DIRECT_OBJC_ISA_USAGE = YES_ERROR;
				CLANG_WARN_DOCUMENTATION_COMMENTS = YES;
				CLANG_WARN_EMPTY_BODY = YES;
				CLANG_WARN_ENUM_CONVERSION = YES;
				CLANG_WARN_INFINITE_RECURSION = YES;
				CLANG_WARN_INT_CONVERSION = YES;
				CLANG_WARN_NON_LITERAL_NULL_CONVERSION = YES;
				CLANG_WARN_OBJC_IMPLICIT_RETAIN_SELF = YES;
				CLANG_WARN_OBJC_LITERAL_CONVERSION = YES;
				CLANG_WARN_OBJC_ROOT_CLASS = YES_ERROR;
				CLANG_WARN_QUOTED_INCLUDE_IN_FRAMEWORK_HEADER = YES;
				CLANG_WARN_RANGE_LOOP_ANALYSIS = YES;
				CLANG_WARN_STRICT_PROTOTYPES = YES;
				CLANG_WARN_SUSPICIOUS_MOVE = YES;
				CLANG_WARN_UNGUARDED_AVAILABILITY = YES_AGGRESSIVE;
				CLANG_WARN_UNREACHABLE_CODE = YES;
				CLANG_WARN__DUPLICATE_METHOD_MATCH = YES;
				COPY_PHASE_STRIP = NO;
				DEBUG_INFORMATION_FORMAT = dwarf;
				ENABLE_STRICT_OBJC_MSGSEND = YES;
				ENABLE_TESTABILITY = YES;
				GCC_C_LANGUAGE_STANDARD = gnu11;
				GCC_DYNAMIC_NO_PIC = NO;
				GCC_NO_COMMON_BLOCKS = YES;
				GCC_OPTIMIZATION_LEVEL = 0;
				GCC_PREPROCESSOR_DEFINITIONS = (
					"DEBUG=1",
					"$(inherited)",
				);
				GCC_WARN_64_TO_32_BIT_CONVERSION = YES;
				GCC_WARN_ABOUT_RETURN_TYPE = YES_ERROR;
				GCC_WARN_UNDECLARED_SELECTOR = YES;
				GCC_WARN_UNINITIALIZED_AUTOS = YES_AGGRESSIVE;
				GCC_WARN_UNUSED_FUNCTION = YES;
				GCC_WARN_UNUSED_VARIABLE = YES;
				IPHONEOS_DEPLOYMENT_TARGET = 15.2;
				MTL_ENABLE_DEBUG_INFO = INCLUDE_SOURCE;
				MTL_FAST_MATH = YES;
				ONLY_ACTIVE_ARCH = YES;
				SDKROOT = iphoneos;
				SWIFT_ACTIVE_COMPILATION_CONDITIONS = DEBUG;
				SWIFT_OPTIMIZATION_LEVEL = "-Onone";
			};
			name = Debug;
		};
		45DB904227D3CEA0004B5A3A /* Release */ = {
			isa = XCBuildConfiguration;
			buildSettings = {
				ALWAYS_SEARCH_USER_PATHS = NO;
				CLANG_ANALYZER_NONNULL = YES;
				CLANG_ANALYZER_NUMBER_OBJECT_CONVERSION = YES_AGGRESSIVE;
				CLANG_CXX_LANGUAGE_STANDARD = "gnu++17";
				CLANG_CXX_LIBRARY = "libc++";
				CLANG_ENABLE_MODULES = YES;
				CLANG_ENABLE_OBJC_ARC = YES;
				CLANG_ENABLE_OBJC_WEAK = YES;
				CLANG_WARN_BLOCK_CAPTURE_AUTORELEASING = YES;
				CLANG_WARN_BOOL_CONVERSION = YES;
				CLANG_WARN_COMMA = YES;
				CLANG_WARN_CONSTANT_CONVERSION = YES;
				CLANG_WARN_DEPRECATED_OBJC_IMPLEMENTATIONS = YES;
				CLANG_WARN_DIRECT_OBJC_ISA_USAGE = YES_ERROR;
				CLANG_WARN_DOCUMENTATION_COMMENTS = YES;
				CLANG_WARN_EMPTY_BODY = YES;
				CLANG_WARN_ENUM_CONVERSION = YES;
				CLANG_WARN_INFINITE_RECURSION = YES;
				CLANG_WARN_INT_CONVERSION = YES;
				CLANG_WARN_NON_LITERAL_NULL_CONVERSION = YES;
				CLANG_WARN_OBJC_IMPLICIT_RETAIN_SELF = YES;
				CLANG_WARN_OBJC_LITERAL_CONVERSION = YES;
				CLANG_WARN_OBJC_ROOT_CLASS = YES_ERROR;
				CLANG_WARN_QUOTED_INCLUDE_IN_FRAMEWORK_HEADER = YES;
				CLANG_WARN_RANGE_LOOP_ANALYSIS = YES;
				CLANG_WARN_STRICT_PROTOTYPES = YES;
				CLANG_WARN_SUSPICIOUS_MOVE = YES;
				CLANG_WARN_UNGUARDED_AVAILABILITY = YES_AGGRESSIVE;
				CLANG_WARN_UNREACHABLE_CODE = YES;
				CLANG_WARN__DUPLICATE_METHOD_MATCH = YES;
				COPY_PHASE_STRIP = NO;
				DEBUG_INFORMATION_FORMAT = "dwarf-with-dsym";
				ENABLE_NS_ASSERTIONS = NO;
				ENABLE_STRICT_OBJC_MSGSEND = YES;
				GCC_C_LANGUAGE_STANDARD = gnu11;
				GCC_NO_COMMON_BLOCKS = YES;
				GCC_WARN_64_TO_32_BIT_CONVERSION = YES;
				GCC_WARN_ABOUT_RETURN_TYPE = YES_ERROR;
				GCC_WARN_UNDECLARED_SELECTOR = YES;
				GCC_WARN_UNINITIALIZED_AUTOS = YES_AGGRESSIVE;
				GCC_WARN_UNUSED_FUNCTION = YES;
				GCC_WARN_UNUSED_VARIABLE = YES;
				IPHONEOS_DEPLOYMENT_TARGET = 15.2;
				MTL_ENABLE_DEBUG_INFO = NO;
				MTL_FAST_MATH = YES;
				SDKROOT = iphoneos;
				SWIFT_COMPILATION_MODE = wholemodule;
				SWIFT_OPTIMIZATION_LEVEL = "-O";
				VALIDATE_PRODUCT = YES;
			};
			name = Release;
		};
		45DB904427D3CEA0004B5A3A /* Debug */ = {
			isa = XCBuildConfiguration;
			buildSettings = {
				ASSETCATALOG_COMPILER_APPICON_NAME = AppIcon;
				ASSETCATALOG_COMPILER_GLOBAL_ACCENT_COLOR_NAME = AccentColor;
				CODE_SIGN_STYLE = Automatic;
				CURRENT_PROJECT_VERSION = 1;
				DEVELOPMENT_ASSET_PATHS = "\"TestProjectInteligenz/Preview Content\"";
				ENABLE_PREVIEWS = YES;
				GENERATE_INFOPLIST_FILE = YES;
				INFOPLIST_KEY_UIApplicationSceneManifest_Generation = YES;
				INFOPLIST_KEY_UIApplicationSupportsIndirectInputEvents = YES;
				INFOPLIST_KEY_UILaunchScreen_Generation = YES;
				INFOPLIST_KEY_UISupportedInterfaceOrientations_iPad = "UIInterfaceOrientationPortrait UIInterfaceOrientationPortraitUpsideDown UIInterfaceOrientationLandscapeLeft UIInterfaceOrientationLandscapeRight";
				INFOPLIST_KEY_UISupportedInterfaceOrientations_iPhone = "UIInterfaceOrientationPortrait UIInterfaceOrientationLandscapeLeft UIInterfaceOrientationLandscapeRight";
				LD_RUNPATH_SEARCH_PATHS = (
					"$(inherited)",
					"@executable_path/Frameworks",
				);
				MARKETING_VERSION = 1.0;
				PRODUCT_BUNDLE_IDENTIFIER = eu.joseignacio.TestProjectInteligenz;
				PRODUCT_NAME = "$(TARGET_NAME)";
				SWIFT_EMIT_LOC_STRINGS = YES;
				SWIFT_VERSION = 5.0;
				TARGETED_DEVICE_FAMILY = "1,2";
			};
			name = Debug;
		};
		45DB904527D3CEA0004B5A3A /* Release */ = {
			isa = XCBuildConfiguration;
			buildSettings = {
				ASSETCATALOG_COMPILER_APPICON_NAME = AppIcon;
				ASSETCATALOG_COMPILER_GLOBAL_ACCENT_COLOR_NAME = AccentColor;
				CODE_SIGN_STYLE = Automatic;
				CURRENT_PROJECT_VERSION = 1;
				DEVELOPMENT_ASSET_PATHS = "\"TestProjectInteligenz/Preview Content\"";
				ENABLE_PREVIEWS = YES;
				GENERATE_INFOPLIST_FILE = YES;
				INFOPLIST_KEY_UIApplicationSceneManifest_Generation = YES;
				INFOPLIST_KEY_UIApplicationSupportsIndirectInputEvents = YES;
				INFOPLIST_KEY_UILaunchScreen_Generation = YES;
				INFOPLIST_KEY_UISupportedInterfaceOrientations_iPad = "UIInterfaceOrientationPortrait UIInterfaceOrientationPortraitUpsideDown UIInterfaceOrientationLandscapeLeft UIInterfaceOrientationLandscapeRight";
				INFOPLIST_KEY_UISupportedInterfaceOrientations_iPhone = "UIInterfaceOrientationPortrait UIInterfaceOrientationLandscapeLeft UIInterfaceOrientationLandscapeRight";
				LD_RUNPATH_SEARCH_PATHS = (
					"$(inherited)",
					"@executable_path/Frameworks",
				);
				MARKETING_VERSION = 1.0;
				PRODUCT_BUNDLE_IDENTIFIER = eu.joseignacio.TestProjectInteligenz;
				PRODUCT_NAME = "$(TARGET_NAME)";
				SWIFT_EMIT_LOC_STRINGS = YES;
				SWIFT_VERSION = 5.0;
				TARGETED_DEVICE_FAMILY = "1,2";
			};
			name = Release;
		};
		45DB907827D50C86004B5A3A /* Debug */ = {
			isa = XCBuildConfiguration;
			buildSettings = {
				BUNDLE_LOADER = "$(TEST_HOST)";
				CODE_SIGN_STYLE = Automatic;
				CURRENT_PROJECT_VERSION = 1;
				GENERATE_INFOPLIST_FILE = YES;
				MARKETING_VERSION = 1.0;
				PRODUCT_BUNDLE_IDENTIFIER = eu.joseignacio.TestProjectInteligenzTests;
				PRODUCT_NAME = "$(TARGET_NAME)";
				SWIFT_EMIT_LOC_STRINGS = NO;
				SWIFT_VERSION = 5.0;
				TARGETED_DEVICE_FAMILY = "1,2";
				TEST_HOST = "$(BUILT_PRODUCTS_DIR)/TestProjectInteligenz.app/TestProjectInteligenz";
			};
			name = Debug;
		};
		45DB907927D50C86004B5A3A /* Release */ = {
			isa = XCBuildConfiguration;
			buildSettings = {
				BUNDLE_LOADER = "$(TEST_HOST)";
				CODE_SIGN_STYLE = Automatic;
				CURRENT_PROJECT_VERSION = 1;
				GENERATE_INFOPLIST_FILE = YES;
				MARKETING_VERSION = 1.0;
				PRODUCT_BUNDLE_IDENTIFIER = eu.joseignacio.TestProjectInteligenzTests;
				PRODUCT_NAME = "$(TARGET_NAME)";
				SWIFT_EMIT_LOC_STRINGS = NO;
				SWIFT_VERSION = 5.0;
				TARGETED_DEVICE_FAMILY = "1,2";
				TEST_HOST = "$(BUILT_PRODUCTS_DIR)/TestProjectInteligenz.app/TestProjectInteligenz";
			};
			name = Release;
		};
/* End XCBuildConfiguration section */

/* Begin XCConfigurationList section */
		45DB903027D3CE9C004B5A3A /* Build configuration list for PBXProject "TestProjectInteligenz" */ = {
			isa = XCConfigurationList;
			buildConfigurations = (
				45DB904127D3CEA0004B5A3A /* Debug */,
				45DB904227D3CEA0004B5A3A /* Release */,
			);
			defaultConfigurationIsVisible = 0;
			defaultConfigurationName = Release;
		};
		45DB904327D3CEA0004B5A3A /* Build configuration list for PBXNativeTarget "TestProjectInteligenz" */ = {
			isa = XCConfigurationList;
			buildConfigurations = (
				45DB904427D3CEA0004B5A3A /* Debug */,
				45DB904527D3CEA0004B5A3A /* Release */,
			);
			defaultConfigurationIsVisible = 0;
			defaultConfigurationName = Release;
		};
		45DB907727D50C86004B5A3A /* Build configuration list for PBXNativeTarget "TestProjectInteligenzTests" */ = {
			isa = XCConfigurationList;
			buildConfigurations = (
				45DB907827D50C86004B5A3A /* Debug */,
				45DB907927D50C86004B5A3A /* Release */,
			);
			defaultConfigurationIsVisible = 0;
			defaultConfigurationName = Release;
		};
/* End XCConfigurationList section */

/* Begin XCRemoteSwiftPackageReference section */
		451E9F2627D6017D006B4581 /* XCRemoteSwiftPackageReference "swift-snapshot-testing" */ = {
			isa = XCRemoteSwiftPackageReference;
			repositoryURL = "https://github.com/pointfreeco/swift-snapshot-testing";
			requirement = {
				kind = upToNextMinorVersion;
				minimumVersion = 1.9.0;
			};
		};
		45DB904A27D3D364004B5A3A /* XCRemoteSwiftPackageReference "Kingfisher" */ = {
			isa = XCRemoteSwiftPackageReference;
			repositoryURL = "https://github.com/onevcat/Kingfisher.git";
			requirement = {
				kind = upToNextMajorVersion;
				minimumVersion = 7.0.0;
			};
		};
		45DB904D27D3D375004B5A3A /* XCRemoteSwiftPackageReference "servicesLibrary" */ = {
			isa = XCRemoteSwiftPackageReference;
			repositoryURL = "https://github.com/joseidev/servicesLibrary";
			requirement = {
				branch = main;
				kind = branch;
			};
		};
/* End XCRemoteSwiftPackageReference section */

/* Begin XCSwiftPackageProductDependency section */
		451E9F1627D51914006B4581 /* InteligenzDomain */ = {
			isa = XCSwiftPackageProductDependency;
			productName = InteligenzDomain;
		};
		451E9F2927D601D0006B4581 /* SnapshotTesting */ = {
			isa = XCSwiftPackageProductDependency;
			package = 451E9F2627D6017D006B4581 /* XCRemoteSwiftPackageReference "swift-snapshot-testing" */;
			productName = SnapshotTesting;
		};
		45DB904B27D3D364004B5A3A /* Kingfisher */ = {
			isa = XCSwiftPackageProductDependency;
			package = 45DB904A27D3D364004B5A3A /* XCRemoteSwiftPackageReference "Kingfisher" */;
			productName = Kingfisher;
		};
		45DB904E27D3D375004B5A3A /* ServicesLibrary */ = {
			isa = XCSwiftPackageProductDependency;
			package = 45DB904D27D3D375004B5A3A /* XCRemoteSwiftPackageReference "servicesLibrary" */;
			productName = ServicesLibrary;
		};
		45DB905827D3E18F004B5A3A /* InteligenzServices */ = {
			isa = XCSwiftPackageProductDependency;
			productName = InteligenzServices;
		};
/* End XCSwiftPackageProductDependency section */
	};
	rootObject = 45DB902D27D3CE9C004B5A3A /* Project object */;
}
